
Microsoft Visual Studio Solution File, Format Version 12.00
# Visual Studio Version 16
VisualStudioVersion = 16.0.30717.126
MinimumVisualStudioVersion = 10.0.40219.1
Project("{FAE04EC0-301F-11D3-BF4B-00C04F79EFBC}") = "Xamarin365Demo.UWP", "Xamarin365Demo\Xamarin365Demo.UWP\Xamarin365Demo.UWP.csproj", "{FA41708E-8110-4DDF-A4C5-B10587E64F84}"
EndProject
Project("{FAE04EC0-301F-11D3-BF4B-00C04F79EFBC}") = "Xamarin365Demo.Android", "Xamarin365Demo\Xamarin365Demo.Android\Xamarin365Demo.Android.csproj", "{31F0571F-7D1D-4666-BA22-D3FC216B881A}"
EndProject
Project("{FAE04EC0-301F-11D3-BF4B-00C04F79EFBC}") = "Xamarin365Demo.iOS", "Xamarin365Demo\Xamarin365Demo.iOS\Xamarin365Demo.iOS.csproj", "{22FB6C06-E12D-47D9-95CC-8ED558A643AB}"
EndProject
Project("{FAE04EC0-301F-11D3-BF4B-00C04F79EFBC}") = "Xamarin365Demo", "Xamarin365Demo\Xamarin365Demo\Xamarin365Demo.csproj", "{43C04124-DA93-45E6-A33E-8359C463D84E}"
EndProject
Global
	GlobalSection(SolutionConfigurationPlatforms) = preSolution
		Debug|Any CPU = Debug|Any CPU
		Debug|ARM = Debug|ARM
		Debug|iPhone = Debug|iPhone
		Debug|iPhoneSimulator = Debug|iPhoneSimulator
		Debug|x64 = Debug|x64
		Debug|x86 = Debug|x86
		Release|Any CPU = Release|Any CPU
		Release|ARM = Release|ARM
		Release|iPhone = Release|iPhone
		Release|iPhoneSimulator = Release|iPhoneSimulator
		Release|x64 = Release|x64
		Release|x86 = Release|x86
	EndGlobalSection
	GlobalSection(ProjectConfigurationPlatforms) = postSolution
		{FA41708E-8110-4DDF-A4C5-B10587E64F84}.Debug|Any CPU.ActiveCfg = Debug|x86
		{FA41708E-8110-4DDF-A4C5-B10587E64F84}.Debug|Any CPU.Build.0 = Debug|x86
		{FA41708E-8110-4DDF-A4C5-B10587E64F84}.Debug|Any CPU.Deploy.0 = Debug|x86
		{FA41708E-8110-4DDF-A4C5-B10587E64F84}.Debug|ARM.ActiveCfg = Debug|ARM
		{FA41708E-8110-4DDF-A4C5-B10587E64F84}.Debug|ARM.Build.0 = Debug|ARM
		{FA41708E-8110-4DDF-A4C5-B10587E64F84}.Debug|ARM.Deploy.0 = Debug|ARM
		{FA41708E-8110-4DDF-A4C5-B10587E64F84}.Debug|iPhone.ActiveCfg = Debug|x86
		{FA41708E-8110-4DDF-A4C5-B10587E64F84}.Debug|iPhone.Build.0 = Debug|x86
		{FA41708E-8110-4DDF-A4C5-B10587E64F84}.Debug|iPhone.Deploy.0 = Debug|x86
		{FA41708E-8110-4DDF-A4C5-B10587E64F84}.Debug|iPhoneSimulator.ActiveCfg = Debug|x86
		{FA41708E-8110-4DDF-A4C5-B10587E64F84}.Debug|iPhoneSimulator.Build.0 = Debug|x86
		{FA41708E-8110-4DDF-A4C5-B10587E64F84}.Debug|iPhoneSimulator.Deploy.0 = Debug|x86
		{FA41708E-8110-4DDF-A4C5-B10587E64F84}.Debug|x64.ActiveCfg = Debug|x64
		{FA41708E-8110-4DDF-A4C5-B10587E64F84}.Debug|x64.Build.0 = Debug|x64
		{FA41708E-8110-4DDF-A4C5-B10587E64F84}.Debug|x64.Deploy.0 = Debug|x64
		{FA41708E-8110-4DDF-A4C5-B10587E64F84}.Debug|x86.ActiveCfg = Debug|x86
		{FA41708E-8110-4DDF-A4C5-B10587E64F84}.Debug|x86.Build.0 = Debug|x86
		{FA41708E-8110-4DDF-A4C5-B10587E64F84}.Debug|x86.Deploy.0 = Debug|x86
		{FA41708E-8110-4DDF-A4C5-B10587E64F84}.Release|Any CPU.ActiveCfg = Release|x86
		{FA41708E-8110-4DDF-A4C5-B10587E64F84}.Release|Any CPU.Build.0 = Release|x86
		{FA41708E-8110-4DDF-A4C5-B10587E64F84}.Release|Any CPU.Deploy.0 = Release|x86
		{FA41708E-8110-4DDF-A4C5-B10587E64F84}.Release|ARM.ActiveCfg = Release|ARM
		{FA41708E-8110-4DDF-A4C5-B10587E64F84}.Release|ARM.Build.0 = Release|ARM
		{FA41708E-8110-4DDF-A4C5-B10587E64F84}.Release|ARM.Deploy.0 = Release|ARM
		{FA41708E-8110-4DDF-A4C5-B10587E64F84}.Release|iPhone.ActiveCfg = Release|x86
		{FA41708E-8110-4DDF-A4C5-B10587E64F84}.Release|iPhone.Build.0 = Release|x86
		{FA41708E-8110-4DDF-A4C5-B10587E64F84}.Release|iPhone.Deploy.0 = Release|x86
		{FA41708E-8110-4DDF-A4C5-B10587E64F84}.Release|iPhoneSimulator.ActiveCfg = Release|x86
		{FA41708E-8110-4DDF-A4C5-B10587E64F84}.Release|iPhoneSimulator.Build.0 = Release|x86
		{FA41708E-8110-4DDF-A4C5-B10587E64F84}.Release|iPhoneSimulator.Deploy.0 = Release|x86
		{FA41708E-8110-4DDF-A4C5-B10587E64F84}.Release|x64.ActiveCfg = Release|x64
		{FA41708E-8110-4DDF-A4C5-B10587E64F84}.Release|x64.Build.0 = Release|x64
		{FA41708E-8110-4DDF-A4C5-B10587E64F84}.Release|x64.Deploy.0 = Release|x64
		{FA41708E-8110-4DDF-A4C5-B10587E64F84}.Release|x86.ActiveCfg = Release|x86
		{FA41708E-8110-4DDF-A4C5-B10587E64F84}.Release|x86.Build.0 = Release|x86
		{FA41708E-8110-4DDF-A4C5-B10587E64F84}.Release|x86.Deploy.0 = Release|x86
		{31F0571F-7D1D-4666-BA22-D3FC216B881A}.Debug|Any CPU.ActiveCfg = Debug|Any CPU
		{31F0571F-7D1D-4666-BA22-D3FC216B881A}.Debug|Any CPU.Build.0 = Debug|Any CPU
		{31F0571F-7D1D-4666-BA22-D3FC216B881A}.Debug|Any CPU.Deploy.0 = Debug|Any CPU
		{31F0571F-7D1D-4666-BA22-D3FC216B881A}.Debug|ARM.ActiveCfg = Debug|Any CPU
		{31F0571F-7D1D-4666-BA22-D3FC216B881A}.Debug|ARM.Build.0 = Debug|Any CPU
		{31F0571F-7D1D-4666-BA22-D3FC216B881A}.Debug|ARM.Deploy.0 = Debug|Any CPU
		{31F0571F-7D1D-4666-BA22-D3FC216B881A}.Debug|iPhone.ActiveCfg = Debug|Any CPU
		{31F0571F-7D1D-4666-BA22-D3FC216B881A}.Debug|iPhone.Build.0 = Debug|Any CPU
		{31F0571F-7D1D-4666-BA22-D3FC216B881A}.Debug|iPhone.Deploy.0 = Debug|Any CPU
		{31F0571F-7D1D-4666-BA22-D3FC216B881A}.Debug|iPhoneSimulator.ActiveCfg = Debug|Any CPU
		{31F0571F-7D1D-4666-BA22-D3FC216B881A}.Debug|iPhoneSimulator.Build.0 = Debug|Any CPU
		{31F0571F-7D1D-4666-BA22-D3FC216B881A}.Debug|iPhoneSimulator.Deploy.0 = Debug|Any CPU
		{31F0571F-7D1D-4666-BA22-D3FC216B881A}.Debug|x64.ActiveCfg = Debug|Any CPU
		{31F0571F-7D1D-4666-BA22-D3FC216B881A}.Debug|x64.Build.0 = Debug|Any CPU
		{31F0571F-7D1D-4666-BA22-D3FC216B881A}.Debug|x64.Deploy.0 = Debug|Any CPU
		{31F0571F-7D1D-4666-BA22-D3FC216B881A}.Debug|x86.ActiveCfg = Debug|Any CPU
		{31F0571F-7D1D-4666-BA22-D3FC216B881A}.Debug|x86.Build.0 = Debug|Any CPU
		{31F0571F-7D1D-4666-BA22-D3FC216B881A}.Debug|x86.Deploy.0 = Debug|Any CPU
		{31F0571F-7D1D-4666-BA22-D3FC216B881A}.Release|Any CPU.ActiveCfg = Release|Any CPU
		{31F0571F-7D1D-4666-BA22-D3FC216B881A}.Release|Any CPU.Build.0 = Release|Any CPU
		{31F0571F-7D1D-4666-BA22-D3FC216B881A}.Release|Any CPU.Deploy.0 = Release|Any CPU
		{31F0571F-7D1D-4666-BA22-D3FC216B881A}.Release|ARM.ActiveCfg = Release|Any CPU
		{31F0571F-7D1D-4666-BA22-D3FC216B881A}.Release|ARM.Build.0 = Release|Any CPU
		{31F0571F-7D1D-4666-BA22-D3FC216B881A}.Release|ARM.Deploy.0 = Release|Any CPU
		{31F0571F-7D1D-4666-BA22-D3FC216B881A}.Release|iPhone.ActiveCfg = Release|Any CPU
		{31F0571F-7D1D-4666-BA22-D3FC216B881A}.Release|iPhone.Build.0 = Release|Any CPU
		{31F0571F-7D1D-4666-BA22-D3FC216B881A}.Release|iPhone.Deploy.0 = Release|Any CPU
		{31F0571F-7D1D-4666-BA22-D3FC216B881A}.Release|iPhoneSimulator.ActiveCfg = Release|Any CPU
		{31F0571F-7D1D-4666-BA22-D3FC216B881A}.Release|iPhoneSimulator.Build.0 = Release|Any CPU
		{31F0571F-7D1D-4666-BA22-D3FC216B881A}.Release|iPhoneSimulator.Deploy.0 = Release|Any CPU
		{31F0571F-7D1D-4666-BA22-D3FC216B881A}.Release|x64.ActiveCfg = Release|Any CPU
		{31F0571F-7D1D-4666-BA22-D3FC216B881A}.Release|x64.Build.0 = Release|Any CPU
		{31F0571F-7D1D-4666-BA22-D3FC216B881A}.Release|x64.Deploy.0 = Release|Any CPU
		{31F0571F-7D1D-4666-BA22-D3FC216B881A}.Release|x86.ActiveCfg = Release|Any CPU
		{31F0571F-7D1D-4666-BA22-D3FC216B881A}.Release|x86.Build.0 = Release|Any CPU
		{31F0571F-7D1D-4666-BA22-D3FC216B881A}.Release|x86.Deploy.0 = Release|Any CPU
		{22FB6C06-E12D-47D9-95CC-8ED558A643AB}.Debug|Any CPU.ActiveCfg = Debug|iPhoneSimulator
		{22FB6C06-E12D-47D9-95CC-8ED558A643AB}.Debug|Any CPU.Build.0 = Debug|iPhoneSimulator
		{22FB6C06-E12D-47D9-95CC-8ED558A643AB}.Debug|Any CPU.Deploy.0 = Debug|iPhoneSimulator
		{22FB6C06-E12D-47D9-95CC-8ED558A643AB}.Debug|ARM.ActiveCfg = Debug|iPhone
		{22FB6C06-E12D-47D9-95CC-8ED558A643AB}.Debug|ARM.Build.0 = Debug|iPhone
		{22FB6C06-E12D-47D9-95CC-8ED558A643AB}.Debug|ARM.Deploy.0 = Debug|iPhone
		{22FB6C06-E12D-47D9-95CC-8ED558A643AB}.Debug|iPhone.ActiveCfg = Debug|iPhone
		{22FB6C06-E12D-47D9-95CC-8ED558A643AB}.Debug|iPhone.Build.0 = Debug|iPhone
		{22FB6C06-E12D-47D9-95CC-8ED558A643AB}.Debug|iPhone.Deploy.0 = Debug|iPhone
		{22FB6C06-E12D-47D9-95CC-8ED558A643AB}.Debug|iPhoneSimulator.ActiveCfg = Debug|iPhoneSimulator
		{22FB6C06-E12D-47D9-95CC-8ED558A643AB}.Debug|iPhoneSimulator.Build.0 = Debug|iPhoneSimulator
		{22FB6C06-E12D-47D9-95CC-8ED558A643AB}.Debug|iPhoneSimulator.Deploy.0 = Debug|iPhoneSimulator
		{22FB6C06-E12D-47D9-95CC-8ED558A643AB}.Debug|x64.ActiveCfg = Debug|iPhoneSimulator
		{22FB6C06-E12D-47D9-95CC-8ED558A643AB}.Debug|x64.Build.0 = Debug|iPhoneSimulator
		{22FB6C06-E12D-47D9-95CC-8ED558A643AB}.Debug|x64.Deploy.0 = Debug|iPhoneSimulator
		{22FB6C06-E12D-47D9-95CC-8ED558A643AB}.Debug|x86.ActiveCfg = Debug|iPhoneSimulator
		{22FB6C06-E12D-47D9-95CC-8ED558A643AB}.Debug|x86.Build.0 = Debug|iPhoneSimulator
		{22FB6C06-E12D-47D9-95CC-8ED558A643AB}.Debug|x86.Deploy.0 = Debug|iPhoneSimulator
		{22FB6C06-E12D-47D9-95CC-8ED558A643AB}.Release|Any CPU.ActiveCfg = Release|iPhoneSimulator
		{22FB6C06-E12D-47D9-95CC-8ED558A643AB}.Release|Any CPU.Build.0 = Release|iPhoneSimulator
		{22FB6C06-E12D-47D9-95CC-8ED558A643AB}.Release|Any CPU.Deploy.0 = Release|iPhoneSimulator
		{22FB6C06-E12D-47D9-95CC-8ED558A643AB}.Release|ARM.ActiveCfg = Release|iPhoneSimulator
		{22FB6C06-E12D-47D9-95CC-8ED558A643AB}.Release|ARM.Build.0 = Release|iPhoneSimulator
		{22FB6C06-E12D-47D9-95CC-8ED558A643AB}.Release|ARM.Deploy.0 = Release|iPhoneSimulator
		{22FB6C06-E12D-47D9-95CC-8ED558A643AB}.Release|iPhone.ActiveCfg = Release|iPhone
		{22FB6C06-E12D-47D9-95CC-8ED558A643AB}.Release|iPhone.Build.0 = Release|iPhone
		{22FB6C06-E12D-47D9-95CC-8ED558A643AB}.Release|iPhone.Deploy.0 = Release|iPhone
		{22FB6C06-E12D-47D9-95CC-8ED558A643AB}.Release|iPhoneSimulator.ActiveCfg = Release|iPhoneSimulator
		{22FB6C06-E12D-47D9-95CC-8ED558A643AB}.Release|iPhoneSimulator.Build.0 = Release|iPhoneSimulator
		{22FB6C06-E12D-47D9-95CC-8ED558A643AB}.Release|iPhoneSimulator.Deploy.0 = Release|iPhoneSimulator
		{22FB6C06-E12D-47D9-95CC-8ED558A643AB}.Release|x64.ActiveCfg = Release|iPhoneSimulator
		{22FB6C06-E12D-47D9-95CC-8ED558A643AB}.Release|x64.Build.0 = Release|iPhoneSimulator
		{22FB6C06-E12D-47D9-95CC-8ED558A643AB}.Release|x64.Deploy.0 = Release|iPhoneSimulator
		{22FB6C06-E12D-47D9-95CC-8ED558A643AB}.Release|x86.ActiveCfg = Release|iPhoneSimulator
		{22FB6C06-E12D-47D9-95CC-8ED558A643AB}.Release|x86.Build.0 = Release|iPhoneSimulator
		{22FB6C06-E12D-47D9-95CC-8ED558A643AB}.Release|x86.Deploy.0 = Release|iPhoneSimulator
		{43C04124-DA93-45E6-A33E-8359C463D84E}.Debug|Any CPU.ActiveCfg = Debug|Any CPU
		{43C04124-DA93-45E6-A33E-8359C463D84E}.Debug|Any CPU.Build.0 = Debug|Any CPU
		{43C04124-DA93-45E6-A33E-8359C463D84E}.Debug|Any CPU.Deploy.0 = Debug|Any CPU
		{43C04124-DA93-45E6-A33E-8359C463D84E}.Debug|ARM.ActiveCfg = Debug|Any CPU
		{43C04124-DA93-45E6-A33E-8359C463D84E}.Debug|ARM.Build.0 = Debug|Any CPU
		{43C04124-DA93-45E6-A33E-8359C463D84E}.Debug|ARM.Deploy.0 = Debug|Any CPU
		{43C04124-DA93-45E6-A33E-8359C463D84E}.Debug|iPhone.ActiveCfg = Debug|Any CPU
		{43C04124-DA93-45E6-A33E-8359C463D84E}.Debug|iPhone.Build.0 = Debug|Any CPU
		{43C04124-DA93-45E6-A33E-8359C463D84E}.Debug|iPhone.Deploy.0 = Debug|Any CPU
		{43C04124-DA93-45E6-A33E-8359C463D84E}.Debug|iPhoneSimulator.ActiveCfg = Debug|Any CPU
		{43C04124-DA93-45E6-A33E-8359C463D84E}.Debug|iPhoneSimulator.Build.0 = Debug|Any CPU
		{43C04124-DA93-45E6-A33E-8359C463D84E}.Debug|iPhoneSimulator.Deploy.0 = Debug|Any CPU
		{43C04124-DA93-45E6-A33E-8359C463D84E}.Debug|x64.ActiveCfg = Debug|Any CPU
		{43C04124-DA93-45E6-A33E-8359C463D84E}.Debug|x64.Build.0 = Debug|Any CPU
		{43C04124-DA93-45E6-A33E-8359C463D84E}.Debug|x64.Deploy.0 = Debug|Any CPU
		{43C04124-DA93-45E6-A33E-8359C463D84E}.Debug|x86.ActiveCfg = Debug|Any CPU
		{43C04124-DA93-45E6-A33E-8359C463D84E}.Debug|x86.Build.0 = Debug|Any CPU
		{43C04124-DA93-45E6-A33E-8359C463D84E}.Debug|x86.Deploy.0 = Debug|Any CPU
		{43C04124-DA93-45E6-A33E-8359C463D84E}.Release|Any CPU.ActiveCfg = Release|Any CPU
		{43C04124-DA93-45E6-A33E-8359C463D84E}.Release|Any CPU.Build.0 = Release|Any CPU
		{43C04124-DA93-45E6-A33E-8359C463D84E}.Release|Any CPU.Deploy.0 = Release|Any CPU
		{43C04124-DA93-45E6-A33E-8359C463D84E}.Release|ARM.ActiveCfg = Release|Any CPU
		{43C04124-DA93-45E6-A33E-8359C463D84E}.Release|ARM.Build.0 = Release|Any CPU
		{43C04124-DA93-45E6-A33E-8359C463D84E}.Release|ARM.Deploy.0 = Release|Any CPU
		{43C04124-DA93-45E6-A33E-8359C463D84E}.Release|iPhone.ActiveCfg = Release|Any CPU
		{43C04124-DA93-45E6-A33E-8359C463D84E}.Release|iPhone.Build.0 = Release|Any CPU
		{43C04124-DA93-45E6-A33E-8359C463D84E}.Release|iPhone.Deploy.0 = Release|Any CPU
		{43C04124-DA93-45E6-A33E-8359C463D84E}.Release|iPhoneSimulator.ActiveCfg = Release|Any CPU
		{43C04124-DA93-45E6-A33E-8359C463D84E}.Release|iPhoneSimulator.Build.0 = Release|Any CPU
		{43C04124-DA93-45E6-A33E-8359C463D84E}.Release|iPhoneSimulator.Deploy.0 = Release|Any CPU
		{43C04124-DA93-45E6-A33E-8359C463D84E}.Release|x64.ActiveCfg = Release|Any CPU
		{43C04124-DA93-45E6-A33E-8359C463D84E}.Release|x64.Build.0 = Release|Any CPU
		{43C04124-DA93-45E6-A33E-8359C463D84E}.Release|x64.Deploy.0 = Release|Any CPU
		{43C04124-DA93-45E6-A33E-8359C463D84E}.Release|x86.ActiveCfg = Release|Any CPU
		{43C04124-DA93-45E6-A33E-8359C463D84E}.Release|x86.Build.0 = Release|Any CPU
		{43C04124-DA93-45E6-A33E-8359C463D84E}.Release|x86.Deploy.0 = Release|Any CPU
	EndGlobalSection
	GlobalSection(SolutionProperties) = preSolution
		HideSolutionNode = FALSE
	EndGlobalSection
	GlobalSection(ExtensibilityGlobals) = postSolution
		SolutionGuid = {DACBAAFB-01BE-4FA2-B0CC-50840D66EB89}
	EndGlobalSection
EndGlobal
